
Microsoft Visual Studio Solution File, Format Version 11.00
# Visual Studio 2010
Project("{FAE04EC0-301F-11D3-BF4B-00C04F79EFBC}") = "Insert Fox Pun Here", "Assembly-CSharp.csproj", "{572B860E-AFAC-FDC0-28AC-2F1792849C27}"
EndProject
Project("{FAE04EC0-301F-11D3-BF4B-00C04F79EFBC}") = "Insert Fox Pun Here", "Assembly-CSharp-Editor.csproj", "{47232620-A0EE-BE8A-5AE4-1BD7D40D5BFB}"
EndProject
Global
	GlobalSection(SolutionConfigurationPlatforms) = preSolution
		Debug|Any CPU = Debug|Any CPU
		Release|Any CPU = Release|Any CPU
	EndGlobalSection
	GlobalSection(ProjectConfigurationPlatforms) = postSolution
		{572B860E-AFAC-FDC0-28AC-2F1792849C27}.Debug|Any CPU.ActiveCfg = Debug|Any CPU
		{572B860E-AFAC-FDC0-28AC-2F1792849C27}.Debug|Any CPU.Build.0 = Debug|Any CPU
		{572B860E-AFAC-FDC0-28AC-2F1792849C27}.Release|Any CPU.ActiveCfg = Release|Any CPU
		{572B860E-AFAC-FDC0-28AC-2F1792849C27}.Release|Any CPU.Build.0 = Release|Any CPU
		{47232620-A0EE-BE8A-5AE4-1BD7D40D5BFB}.Debug|Any CPU.ActiveCfg = Debug|Any CPU
		{47232620-A0EE-BE8A-5AE4-1BD7D40D5BFB}.Debug|Any CPU.Build.0 = Debug|Any CPU
		{47232620-A0EE-BE8A-5AE4-1BD7D40D5BFB}.Release|Any CPU.ActiveCfg = Release|Any CPU
		{47232620-A0EE-BE8A-5AE4-1BD7D40D5BFB}.Release|Any CPU.Build.0 = Release|Any CPU
	EndGlobalSection
	GlobalSection(SolutionProperties) = preSolution
		HideSolutionNode = FALSE
	EndGlobalSection
	GlobalSection(MonoDevelopProperties) = preSolution
		StartupItem = Assembly-CSharp.csproj
	EndGlobalSection
EndGlobal
